# This file was autogenerated by Stack.
# You should not edit this file by hand.
# For more information, please see the documentation at:
#   https://docs.haskellstack.org/en/stable/lock_files

packages:
- completed:
    hackage: unordered-containers-0.2.10.0@sha256:5e9b095a9283d9e2f064fec73a81a6b6ea0b7fda3f219a8175785d2d2a3de204,5199
    pantry-tree:
      size: 1415
      sha256: dfc2d75f4e59c03e2c68be6909b577f26991367134eaac06a407e940e66856ae
  original:
    hackage: unordered-containers-0.2.10.0
- completed:
    hackage: hashable-1.3.0.0@sha256:7ad8edaa681e81162ddddb4d703a9cffe6a0c9ddcfede31cf6569507ed3f1ddb,5179
    pantry-tree:
      size: 1521
      sha256: b80a3632cc3782099576348981f21ead5ba759e83fa610e02feb33901fdac38c
  original:
    hackage: hashable-1.3.0.0
snapshots: []
